Microsoft Visual Studio Solution File, Format Version 12.00
# Visual Studio Version 17
VisualStudioVersion = 17.5.2.0
MinimumVisualStudioVersion = 10.0.40219.1
Project("{FAE04EC0-301F-11D3-BF4B-00C04F79EFBC}") = "AuthDemoApi", "AuthDemoApi.csproj", "{160B0217-A0C1-7D75-023A-658C38BF7B2A}"
EndProject
Global
	GlobalSection(SolutionConfigurationPlatforms) = preSolution
		Debug|Any CPU = Debug|Any CPU
		Release|Any CPU = Release|Any CPU
	EndGlobalSection
	GlobalSection(ProjectConfigurationPlatforms) = postSolution
		{160B0217-A0C1-7D75-023A-658C38BF7B2A}.Debug|Any CPU.ActiveCfg = Debug|Any CPU
		{160B0217-A0C1-7D75-023A-658C38BF7B2A}.Debug|Any CPU.Build.0 = Debug|Any CPU
		{160B0217-A0C1-7D75-023A-658C38BF7B2A}.Release|Any CPU.ActiveCfg = Release|Any CPU
		{160B0217-A0C1-7D75-023A-658C38BF7B2A}.Release|Any CPU.Build.0 = Release|Any CPU
	EndGlobalSection
	GlobalSection(SolutionProperties) = preSolution
		HideSolutionNode = FALSE
	EndGlobalSection
	GlobalSection(ExtensibilityGlobals) = postSolution
		SolutionGuid = {68A239A5-D2B8-40D8-A14D-B5173712D7F6}
	EndGlobalSection
EndGlobal
